{
  "requires": true,
  "lockfileVersion": 1,
  "dependencies": {
    "react-spotify-api": {
      "version": "3.0.0",
      "resolved": "https://registry.npmjs.org/react-spotify-api/-/react-spotify-api-3.0.0.tgz",
      "integrity": "sha512-q7X/fIBRVpx1iZfPocDl7Q7qv8nU+MFpMqQMMEcveQD9wQ8DWnDeSbkbiH9TW7NlyOc+G4IpuZ/9jk5Z306Itw=="
    }
  }
}
